{
  "name": "helper",
  "version": "0.0.1",
  "lockfileVersion": 1,
  "requires": true,
  "dependencies": {
    "@types/gsap": {
      "version": "1.19.2",
      "resolved": "https://registry.npmjs.org/@types/gsap/-/gsap-1.19.2.tgz",
      "integrity": "sha512-rEEGaIt6Q8IYRiwLfkJjcQOxFX/UehwXUvjvxiWT4WN07U0C4omh5WWciy99KFChJWYoCHAZY3FdAeFMKXTgDg==",
      "dev": true
    }
  }
}
